
Microsoft Visual Studio Solution File, Format Version 12.00
# Visual Studio Version 17
VisualStudioVersion = 17.10.35013.160
MinimumVisualStudioVersion = 10.0.40219.1
Project("{FAE04EC0-301F-11D3-BF4B-00C04F79EFBC}") = "Frontend", "Frontend\Frontend.csproj", "{633E6AC7-4703-48E3-AC2E-1F4108C8CBC9}"
EndProject
Project("{9A19103F-16F7-4668-BE54-9A1E7A4F7556}") = "QuoteApi", "QuoteApi\QuoteApi.csproj", "{74F3FB27-43FD-4E31-9E48-15BF20229E13}"
EndProject
Global
	GlobalSection(SolutionConfigurationPlatforms) = preSolution
		Debug|Any CPU = Debug|Any CPU
		Release|Any CPU = Release|Any CPU
	EndGlobalSection
	GlobalSection(ProjectConfigurationPlatforms) = postSolution
		{633E6AC7-4703-48E3-AC2E-1F4108C8CBC9}.Debug|Any CPU.ActiveCfg = Debug|Any CPU
		{633E6AC7-4703-48E3-AC2E-1F4108C8CBC9}.Debug|Any CPU.Build.0 = Debug|Any CPU
		{633E6AC7-4703-48E3-AC2E-1F4108C8CBC9}.Release|Any CPU.ActiveCfg = Release|Any CPU
		{633E6AC7-4703-48E3-AC2E-1F4108C8CBC9}.Release|Any CPU.Build.0 = Release|Any CPU
		{74F3FB27-43FD-4E31-9E48-15BF20229E13}.Debug|Any CPU.ActiveCfg = Debug|Any CPU
		{74F3FB27-43FD-4E31-9E48-15BF20229E13}.Debug|Any CPU.Build.0 = Debug|Any CPU
		{74F3FB27-43FD-4E31-9E48-15BF20229E13}.Release|Any CPU.ActiveCfg = Release|Any CPU
		{74F3FB27-43FD-4E31-9E48-15BF20229E13}.Release|Any CPU.Build.0 = Release|Any CPU
	EndGlobalSection
	GlobalSection(SolutionProperties) = preSolution
		HideSolutionNode = FALSE
	EndGlobalSection
	GlobalSection(ExtensibilityGlobals) = postSolution
		SolutionGuid = {2B609CCC-164C-4B95-8CF3-B354B05F710B}
	EndGlobalSection
EndGlobal
